
Microsoft Visual Studio Solution File, Format Version 12.00
# Visual Studio Version 16
VisualStudioVersion = 16.0.30225.117
MinimumVisualStudioVersion = 10.0.40219.1
Project("{FAE04EC0-301F-11D3-BF4B-00C04F79EFBC}") = "Note2.Android", "Note2\Note2.Android\Note2.Android.csproj", "{609CF86B-5BEF-4B1F-976D-124ACADB15C0}"
EndProject
Project("{FAE04EC0-301F-11D3-BF4B-00C04F79EFBC}") = "Note2", "Note2\Note2\Note2.csproj", "{477ED987-00C1-4A79-84DC-ED8C12511EC4}"
EndProject
Global
	GlobalSection(SolutionConfigurationPlatforms) = preSolution
		Debug|Any CPU = Debug|Any CPU
		Release|Any CPU = Release|Any CPU
	EndGlobalSection
	GlobalSection(ProjectConfigurationPlatforms) = postSolution
		{609CF86B-5BEF-4B1F-976D-124ACADB15C0}.Debug|Any CPU.ActiveCfg = Debug|Any CPU
		{609CF86B-5BEF-4B1F-976D-124ACADB15C0}.Debug|Any CPU.Build.0 = Debug|Any CPU
		{609CF86B-5BEF-4B1F-976D-124ACADB15C0}.Debug|Any CPU.Deploy.0 = Debug|Any CPU
		{609CF86B-5BEF-4B1F-976D-124ACADB15C0}.Release|Any CPU.ActiveCfg = Release|Any CPU
		{609CF86B-5BEF-4B1F-976D-124ACADB15C0}.Release|Any CPU.Build.0 = Release|Any CPU
		{609CF86B-5BEF-4B1F-976D-124ACADB15C0}.Release|Any CPU.Deploy.0 = Release|Any CPU
		{477ED987-00C1-4A79-84DC-ED8C12511EC4}.Debug|Any CPU.ActiveCfg = Debug|Any CPU
		{477ED987-00C1-4A79-84DC-ED8C12511EC4}.Debug|Any CPU.Build.0 = Debug|Any CPU
		{477ED987-00C1-4A79-84DC-ED8C12511EC4}.Debug|Any CPU.Deploy.0 = Debug|Any CPU
		{477ED987-00C1-4A79-84DC-ED8C12511EC4}.Release|Any CPU.ActiveCfg = Release|Any CPU
		{477ED987-00C1-4A79-84DC-ED8C12511EC4}.Release|Any CPU.Build.0 = Release|Any CPU
		{477ED987-00C1-4A79-84DC-ED8C12511EC4}.Release|Any CPU.Deploy.0 = Release|Any CPU
	EndGlobalSection
	GlobalSection(SolutionProperties) = preSolution
		HideSolutionNode = FALSE
	EndGlobalSection
	GlobalSection(ExtensibilityGlobals) = postSolution
		SolutionGuid = {73C25C91-1403-4BA2-A0C0-A250EC8CADB5}
	EndGlobalSection
EndGlobal
