
Microsoft Visual Studio Solution File, Format Version 12.00
# Visual Studio Version 16
VisualStudioVersion = 16.0.30128.74
MinimumVisualStudioVersion = 10.0.40219.1
Project("{FAE04EC0-301F-11D3-BF4B-00C04F79EFBC}") = "Taskool", "Taskool\Taskool.csproj", "{454D3D7C-6376-4742-A142-9712D38D4A75}"
EndProject
Global
	GlobalSection(SolutionConfigurationPlatforms) = preSolution
		Debug|Any CPU = Debug|Any CPU
		Release|Any CPU = Release|Any CPU
	EndGlobalSection
	GlobalSection(ProjectConfigurationPlatforms) = postSolution
		{454D3D7C-6376-4742-A142-9712D38D4A75}.Debug|Any CPU.ActiveCfg = Debug|Any CPU
		{454D3D7C-6376-4742-A142-9712D38D4A75}.Debug|Any CPU.Build.0 = Debug|Any CPU
		{454D3D7C-6376-4742-A142-9712D38D4A75}.Release|Any CPU.ActiveCfg = Release|Any CPU
		{454D3D7C-6376-4742-A142-9712D38D4A75}.Release|Any CPU.Build.0 = Release|Any CPU
	EndGlobalSection
	GlobalSection(SolutionProperties) = preSolution
		HideSolutionNode = FALSE
	EndGlobalSection
	GlobalSection(ExtensibilityGlobals) = postSolution
		SolutionGuid = {4488D13B-5880-4687-AE09-4A223744E3DC}
	EndGlobalSection
EndGlobal
