
Microsoft Visual Studio Solution File, Format Version 12.00
# Visual Studio Version 16
VisualStudioVersion = 16.0.30204.135
MinimumVisualStudioVersion = 10.0.40219.1
Project("{FAE04EC0-301F-11D3-BF4B-00C04F79EFBC}") = "Campeonato_App.Android", "Campeonato_App\Campeonato_App.Android\Campeonato_App.Android.csproj", "{FE11906D-C7AF-4F21-9ADE-669D4BE14442}"
EndProject
Project("{FAE04EC0-301F-11D3-BF4B-00C04F79EFBC}") = "Campeonato_App", "Campeonato_App\Campeonato_App\Campeonato_App.csproj", "{654E756D-932F-4E7F-8E15-AD3849D73EE2}"
EndProject
Global
	GlobalSection(SolutionConfigurationPlatforms) = preSolution
		Debug|Any CPU = Debug|Any CPU
		Release|Any CPU = Release|Any CPU
	EndGlobalSection
	GlobalSection(ProjectConfigurationPlatforms) = postSolution
		{FE11906D-C7AF-4F21-9ADE-669D4BE14442}.Debug|Any CPU.ActiveCfg = Debug|Any CPU
		{FE11906D-C7AF-4F21-9ADE-669D4BE14442}.Debug|Any CPU.Build.0 = Debug|Any CPU
		{FE11906D-C7AF-4F21-9ADE-669D4BE14442}.Debug|Any CPU.Deploy.0 = Debug|Any CPU
		{FE11906D-C7AF-4F21-9ADE-669D4BE14442}.Release|Any CPU.ActiveCfg = Release|Any CPU
		{FE11906D-C7AF-4F21-9ADE-669D4BE14442}.Release|Any CPU.Build.0 = Release|Any CPU
		{FE11906D-C7AF-4F21-9ADE-669D4BE14442}.Release|Any CPU.Deploy.0 = Release|Any CPU
		{654E756D-932F-4E7F-8E15-AD3849D73EE2}.Debug|Any CPU.ActiveCfg = Debug|Any CPU
		{654E756D-932F-4E7F-8E15-AD3849D73EE2}.Debug|Any CPU.Build.0 = Debug|Any CPU
		{654E756D-932F-4E7F-8E15-AD3849D73EE2}.Debug|Any CPU.Deploy.0 = Debug|Any CPU
		{654E756D-932F-4E7F-8E15-AD3849D73EE2}.Release|Any CPU.ActiveCfg = Release|Any CPU
		{654E756D-932F-4E7F-8E15-AD3849D73EE2}.Release|Any CPU.Build.0 = Release|Any CPU
		{654E756D-932F-4E7F-8E15-AD3849D73EE2}.Release|Any CPU.Deploy.0 = Release|Any CPU
	EndGlobalSection
	GlobalSection(SolutionProperties) = preSolution
		HideSolutionNode = FALSE
	EndGlobalSection
	GlobalSection(ExtensibilityGlobals) = postSolution
		SolutionGuid = {AD3995D6-3E07-4D8B-B4B4-D9B9CC33D8E8}
	EndGlobalSection
EndGlobal
